
Microsoft Visual Studio Solution File, Format Version 12.00
# Visual Studio 2012
Project("{2150E333-8FDC-42A3-9474-1A3956D46DE8}") = "src", "src", "{D067166E-E94F-423D-BBFA-FA559F0002D0}"
EndProject
Project("{FAE04EC0-301F-11D3-BF4B-00C04F79EFBC}") = "Cadencii.Utilities", "src\Cadencii.Utilities\Cadencii.Utilities.csproj", "{1785CCD0-43CB-459A-9AFF-4E59DB966DF0}"
EndProject
Project("{FAE04EC0-301F-11D3-BF4B-00C04F79EFBC}") = "Cadencii.Gui.Framework", "src\Cadencii.Gui.Framework\Cadencii.Gui.Framework.csproj", "{711A691F-2113-4EC1-8D4C-C2668C3EA219}"
EndProject
Project("{FAE04EC0-301F-11D3-BF4B-00C04F79EFBC}") = "Cadencii.Gui.Framework.WindowsForms", "src\Cadencii.Gui.Framework.WindowsForms\Cadencii.Gui.Framework.WindowsForms.csproj", "{7DE0B7EA-E478-4687-9764-B44B8258F255}"
EndProject
Project("{FAE04EC0-301F-11D3-BF4B-00C04F79EFBC}") = "Cadencii.Core", "src\Cadencii.Core\Cadencii.Core.csproj", "{C8AAE632-9C6C-4372-8175-811528A66742}"
EndProject
Project("{FAE04EC0-301F-11D3-BF4B-00C04F79EFBC}") = "Cadencii.Application.Model", "src\Cadencii.Application.Model\Cadencii.Application.Model.csproj", "{10ADD9DE-3B8F-4818-A49D-AC7501057FE0}"
EndProject
Project("{FAE04EC0-301F-11D3-BF4B-00C04F79EFBC}") = "Cadencii.Media.Base", "src\Cadencii.Media.Base\Cadencii.Media.Base.csproj", "{F4F8F601-4E3D-43F5-A8A8-AA1FB7F48452}"
EndProject
Project("{FAE04EC0-301F-11D3-BF4B-00C04F79EFBC}") = "Cadencii.Media.Dsp", "src\Cadencii.Media.Dsp\Cadencii.Media.Dsp.csproj", "{18E7D0BD-734D-482E-BAE8-2512147D88F0}"
EndProject
Project("{FAE04EC0-301F-11D3-BF4B-00C04F79EFBC}") = "Cadencii.Media.Dsp.WindowsForms", "src\Cadencii.Media.Dsp.WindowsForms\Cadencii.Media.Dsp.WindowsForms.csproj", "{5F65872D-0431-4C76-973F-CD5DECD388A4}"
EndProject
Project("{FAE04EC0-301F-11D3-BF4B-00C04F79EFBC}") = "Cadencii.Media.Vsq", "src\Cadencii.Media.Vsq\Cadencii.Media.Vsq.csproj", "{673347F3-6FC2-4F82-9273-BF158E0F8CB1}"
EndProject
Project("{FAE04EC0-301F-11D3-BF4B-00C04F79EFBC}") = "Cadencii.Media.Windows", "src\Cadencii.Media.Windows\Cadencii.Media.Windows.csproj", "{84B71038-CB91-4456-8C90-31E73BC93D7C}"
EndProject
Project("{FAE04EC0-301F-11D3-BF4B-00C04F79EFBC}") = "Cadencii.Platform.Windows", "src\Cadencii.Platform.Windows\Cadencii.Platform.Windows.csproj", "{FD4F54BB-55D1-41FF-8378-B8B414AEE6A1}"
EndProject
Project("{FAE04EC0-301F-11D3-BF4B-00C04F79EFBC}") = "Cadencii.Application.WindowsForms", "src\Cadencii.Application.WindowsForms\Cadencii.Application.WindowsForms.csproj", "{A97A6445-5A48-4CEC-A7CE-05B10126CA2A}"
EndProject
Project("{2150E333-8FDC-42A3-9474-1A3956D46DE8}") = "tests", "tests", "{F97CC14D-F366-43C3-B0DB-6B66F1729A13}"
EndProject
Project("{FAE04EC0-301F-11D3-BF4B-00C04F79EFBC}") = "CadenciiTest", "tests\CadenciiTest\CadenciiTest.csproj", "{7FC4F869-A95B-439E-93A2-01D85E5A8006}"
EndProject
Project("{2150E333-8FDC-42A3-9474-1A3956D46DE8}") = "tools", "tools", "{2E30759D-5544-4C0C-94C6-249941D3E44A}"
EndProject
Project("{FAE04EC0-301F-11D3-BF4B-00C04F79EFBC}") = "GenerateKeySound", "src\GenerateKeySound\GenerateKeySound.csproj", "{AF5EB52F-11D8-4939-ADCD-90F432A71ECC}"
EndProject
Project("{FAE04EC0-301F-11D3-BF4B-00C04F79EFBC}") = "ScriptImplement", "src\ScriptImplement\ScriptImplement.csproj", "{A0B35F11-5790-4473-A508-5868FFA67D70}"
EndProject
Project("{FAE04EC0-301F-11D3-BF4B-00C04F79EFBC}") = "vConnectStandDBConvert", "src\vConnectStandDBConvert\vConnectStandDBConvert.csproj", "{3CDB890B-5FCC-4A36-B808-7FB6C571C584}"
EndProject
Project("{FAE04EC0-301F-11D3-BF4B-00C04F79EFBC}") = "GenerateUtauPluginManagerPlugin", "utils\GenerateUtauPluginManagerPlugin\GenerateUtauPluginManagerPlugin.csproj", "{04B33E1E-C43A-455C-B864-95DDE6E53C32}"
EndProject
Project("{FAE04EC0-301F-11D3-BF4B-00C04F79EFBC}") = "PostBuildCreateVersionInfo", "utils\PostBuildCreateVersionInfo\PostBuildCreateVersionInfo.csproj", "{9F4E318A-2A90-4E06-AB65-F81CEA1BB801}"
EndProject
Global
	GlobalSection(SolutionConfigurationPlatforms) = preSolution
		Debug|Any CPU = Debug|Any CPU
		Release|Any CPU = Release|Any CPU
	EndGlobalSection
	GlobalSection(ProjectConfigurationPlatforms) = postSolution
		{04B33E1E-C43A-455C-B864-95DDE6E53C32}.Debug|Any CPU.ActiveCfg = Debug|Any CPU
		{04B33E1E-C43A-455C-B864-95DDE6E53C32}.Debug|Any CPU.Build.0 = Debug|Any CPU
		{04B33E1E-C43A-455C-B864-95DDE6E53C32}.Release|Any CPU.ActiveCfg = Release|Any CPU
		{04B33E1E-C43A-455C-B864-95DDE6E53C32}.Release|Any CPU.Build.0 = Release|Any CPU
		{10ADD9DE-3B8F-4818-A49D-AC7501057FE0}.Debug|Any CPU.ActiveCfg = Debug|Any CPU
		{10ADD9DE-3B8F-4818-A49D-AC7501057FE0}.Debug|Any CPU.Build.0 = Debug|Any CPU
		{10ADD9DE-3B8F-4818-A49D-AC7501057FE0}.Release|Any CPU.ActiveCfg = Release|Any CPU
		{10ADD9DE-3B8F-4818-A49D-AC7501057FE0}.Release|Any CPU.Build.0 = Release|Any CPU
		{1785CCD0-43CB-459A-9AFF-4E59DB966DF0}.Debug|Any CPU.ActiveCfg = Debug|Any CPU
		{1785CCD0-43CB-459A-9AFF-4E59DB966DF0}.Debug|Any CPU.Build.0 = Debug|Any CPU
		{1785CCD0-43CB-459A-9AFF-4E59DB966DF0}.Release|Any CPU.ActiveCfg = Release|Any CPU
		{1785CCD0-43CB-459A-9AFF-4E59DB966DF0}.Release|Any CPU.Build.0 = Release|Any CPU
		{18E7D0BD-734D-482E-BAE8-2512147D88F0}.Debug|Any CPU.ActiveCfg = Debug|Any CPU
		{18E7D0BD-734D-482E-BAE8-2512147D88F0}.Debug|Any CPU.Build.0 = Debug|Any CPU
		{18E7D0BD-734D-482E-BAE8-2512147D88F0}.Release|Any CPU.ActiveCfg = Release|Any CPU
		{18E7D0BD-734D-482E-BAE8-2512147D88F0}.Release|Any CPU.Build.0 = Release|Any CPU
		{3CDB890B-5FCC-4A36-B808-7FB6C571C584}.Debug|Any CPU.ActiveCfg = Debug|Any CPU
		{3CDB890B-5FCC-4A36-B808-7FB6C571C584}.Debug|Any CPU.Build.0 = Debug|Any CPU
		{3CDB890B-5FCC-4A36-B808-7FB6C571C584}.Release|Any CPU.ActiveCfg = Release|Any CPU
		{3CDB890B-5FCC-4A36-B808-7FB6C571C584}.Release|Any CPU.Build.0 = Release|Any CPU
		{5F65872D-0431-4C76-973F-CD5DECD388A4}.Debug|Any CPU.ActiveCfg = Debug|Any CPU
		{5F65872D-0431-4C76-973F-CD5DECD388A4}.Debug|Any CPU.Build.0 = Debug|Any CPU
		{5F65872D-0431-4C76-973F-CD5DECD388A4}.Release|Any CPU.ActiveCfg = Release|Any CPU
		{5F65872D-0431-4C76-973F-CD5DECD388A4}.Release|Any CPU.Build.0 = Release|Any CPU
		{673347F3-6FC2-4F82-9273-BF158E0F8CB1}.Debug|Any CPU.ActiveCfg = Debug|Any CPU
		{673347F3-6FC2-4F82-9273-BF158E0F8CB1}.Debug|Any CPU.Build.0 = Debug|Any CPU
		{673347F3-6FC2-4F82-9273-BF158E0F8CB1}.Release|Any CPU.ActiveCfg = Release|Any CPU
		{673347F3-6FC2-4F82-9273-BF158E0F8CB1}.Release|Any CPU.Build.0 = Release|Any CPU
		{711A691F-2113-4EC1-8D4C-C2668C3EA219}.Debug|Any CPU.ActiveCfg = Debug|Any CPU
		{711A691F-2113-4EC1-8D4C-C2668C3EA219}.Debug|Any CPU.Build.0 = Debug|Any CPU
		{711A691F-2113-4EC1-8D4C-C2668C3EA219}.Release|Any CPU.ActiveCfg = Release|Any CPU
		{711A691F-2113-4EC1-8D4C-C2668C3EA219}.Release|Any CPU.Build.0 = Release|Any CPU
		{7DE0B7EA-E478-4687-9764-B44B8258F255}.Debug|Any CPU.ActiveCfg = Debug|Any CPU
		{7DE0B7EA-E478-4687-9764-B44B8258F255}.Debug|Any CPU.Build.0 = Debug|Any CPU
		{7DE0B7EA-E478-4687-9764-B44B8258F255}.Release|Any CPU.ActiveCfg = Release|Any CPU
		{7DE0B7EA-E478-4687-9764-B44B8258F255}.Release|Any CPU.Build.0 = Release|Any CPU
		{7FC4F869-A95B-439E-93A2-01D85E5A8006}.Debug|Any CPU.ActiveCfg = Debug|Any CPU
		{7FC4F869-A95B-439E-93A2-01D85E5A8006}.Debug|Any CPU.Build.0 = Debug|Any CPU
		{7FC4F869-A95B-439E-93A2-01D85E5A8006}.Release|Any CPU.ActiveCfg = Release|Any CPU
		{7FC4F869-A95B-439E-93A2-01D85E5A8006}.Release|Any CPU.Build.0 = Release|Any CPU
		{84B71038-CB91-4456-8C90-31E73BC93D7C}.Debug|Any CPU.ActiveCfg = Debug|Any CPU
		{84B71038-CB91-4456-8C90-31E73BC93D7C}.Debug|Any CPU.Build.0 = Debug|Any CPU
		{84B71038-CB91-4456-8C90-31E73BC93D7C}.Release|Any CPU.ActiveCfg = Release|Any CPU
		{84B71038-CB91-4456-8C90-31E73BC93D7C}.Release|Any CPU.Build.0 = Release|Any CPU
		{9F4E318A-2A90-4E06-AB65-F81CEA1BB801}.Debug|Any CPU.ActiveCfg = Debug|Any CPU
		{9F4E318A-2A90-4E06-AB65-F81CEA1BB801}.Debug|Any CPU.Build.0 = Debug|Any CPU
		{9F4E318A-2A90-4E06-AB65-F81CEA1BB801}.Release|Any CPU.ActiveCfg = Release|Any CPU
		{9F4E318A-2A90-4E06-AB65-F81CEA1BB801}.Release|Any CPU.Build.0 = Release|Any CPU
		{A0B35F11-5790-4473-A508-5868FFA67D70}.Debug|Any CPU.ActiveCfg = Debug|Any CPU
		{A0B35F11-5790-4473-A508-5868FFA67D70}.Debug|Any CPU.Build.0 = Debug|Any CPU
		{A0B35F11-5790-4473-A508-5868FFA67D70}.Release|Any CPU.ActiveCfg = Release|Any CPU
		{A0B35F11-5790-4473-A508-5868FFA67D70}.Release|Any CPU.Build.0 = Release|Any CPU
		{A97A6445-5A48-4CEC-A7CE-05B10126CA2A}.Debug|Any CPU.ActiveCfg = Debug|Any CPU
		{A97A6445-5A48-4CEC-A7CE-05B10126CA2A}.Debug|Any CPU.Build.0 = Debug|Any CPU
		{A97A6445-5A48-4CEC-A7CE-05B10126CA2A}.Release|Any CPU.ActiveCfg = Release|Any CPU
		{A97A6445-5A48-4CEC-A7CE-05B10126CA2A}.Release|Any CPU.Build.0 = Release|Any CPU
		{AF5EB52F-11D8-4939-ADCD-90F432A71ECC}.Debug|Any CPU.ActiveCfg = Debug|Any CPU
		{AF5EB52F-11D8-4939-ADCD-90F432A71ECC}.Debug|Any CPU.Build.0 = Debug|Any CPU
		{AF5EB52F-11D8-4939-ADCD-90F432A71ECC}.Release|Any CPU.ActiveCfg = Release|Any CPU
		{AF5EB52F-11D8-4939-ADCD-90F432A71ECC}.Release|Any CPU.Build.0 = Release|Any CPU
		{C8AAE632-9C6C-4372-8175-811528A66742}.Debug|Any CPU.ActiveCfg = Debug|Any CPU
		{C8AAE632-9C6C-4372-8175-811528A66742}.Debug|Any CPU.Build.0 = Debug|Any CPU
		{C8AAE632-9C6C-4372-8175-811528A66742}.Release|Any CPU.ActiveCfg = Release|Any CPU
		{C8AAE632-9C6C-4372-8175-811528A66742}.Release|Any CPU.Build.0 = Release|Any CPU
		{F4F8F601-4E3D-43F5-A8A8-AA1FB7F48452}.Debug|Any CPU.ActiveCfg = Debug|Any CPU
		{F4F8F601-4E3D-43F5-A8A8-AA1FB7F48452}.Debug|Any CPU.Build.0 = Debug|Any CPU
		{F4F8F601-4E3D-43F5-A8A8-AA1FB7F48452}.Release|Any CPU.ActiveCfg = Release|Any CPU
		{F4F8F601-4E3D-43F5-A8A8-AA1FB7F48452}.Release|Any CPU.Build.0 = Release|Any CPU
		{FD4F54BB-55D1-41FF-8378-B8B414AEE6A1}.Debug|Any CPU.ActiveCfg = Debug|Any CPU
		{FD4F54BB-55D1-41FF-8378-B8B414AEE6A1}.Debug|Any CPU.Build.0 = Debug|Any CPU
		{FD4F54BB-55D1-41FF-8378-B8B414AEE6A1}.Release|Any CPU.ActiveCfg = Release|Any CPU
		{FD4F54BB-55D1-41FF-8378-B8B414AEE6A1}.Release|Any CPU.Build.0 = Release|Any CPU
	EndGlobalSection
	GlobalSection(NestedProjects) = preSolution
		{1785CCD0-43CB-459A-9AFF-4E59DB966DF0} = {D067166E-E94F-423D-BBFA-FA559F0002D0}
		{711A691F-2113-4EC1-8D4C-C2668C3EA219} = {D067166E-E94F-423D-BBFA-FA559F0002D0}
		{7DE0B7EA-E478-4687-9764-B44B8258F255} = {D067166E-E94F-423D-BBFA-FA559F0002D0}
		{C8AAE632-9C6C-4372-8175-811528A66742} = {D067166E-E94F-423D-BBFA-FA559F0002D0}
		{10ADD9DE-3B8F-4818-A49D-AC7501057FE0} = {D067166E-E94F-423D-BBFA-FA559F0002D0}
		{F4F8F601-4E3D-43F5-A8A8-AA1FB7F48452} = {D067166E-E94F-423D-BBFA-FA559F0002D0}
		{18E7D0BD-734D-482E-BAE8-2512147D88F0} = {D067166E-E94F-423D-BBFA-FA559F0002D0}
		{5F65872D-0431-4C76-973F-CD5DECD388A4} = {D067166E-E94F-423D-BBFA-FA559F0002D0}
		{673347F3-6FC2-4F82-9273-BF158E0F8CB1} = {D067166E-E94F-423D-BBFA-FA559F0002D0}
		{84B71038-CB91-4456-8C90-31E73BC93D7C} = {D067166E-E94F-423D-BBFA-FA559F0002D0}
		{FD4F54BB-55D1-41FF-8378-B8B414AEE6A1} = {D067166E-E94F-423D-BBFA-FA559F0002D0}
		{A97A6445-5A48-4CEC-A7CE-05B10126CA2A} = {D067166E-E94F-423D-BBFA-FA559F0002D0}
		{7FC4F869-A95B-439E-93A2-01D85E5A8006} = {F97CC14D-F366-43C3-B0DB-6B66F1729A13}
		{AF5EB52F-11D8-4939-ADCD-90F432A71ECC} = {2E30759D-5544-4C0C-94C6-249941D3E44A}
		{A0B35F11-5790-4473-A508-5868FFA67D70} = {2E30759D-5544-4C0C-94C6-249941D3E44A}
		{3CDB890B-5FCC-4A36-B808-7FB6C571C584} = {2E30759D-5544-4C0C-94C6-249941D3E44A}
		{04B33E1E-C43A-455C-B864-95DDE6E53C32} = {2E30759D-5544-4C0C-94C6-249941D3E44A}
		{9F4E318A-2A90-4E06-AB65-F81CEA1BB801} = {2E30759D-5544-4C0C-94C6-249941D3E44A}
	EndGlobalSection
EndGlobal
