
Microsoft Visual Studio Solution File, Format Version 12.00
# Visual Studio 2012
Project("{FAE04EC0-301F-11D3-BF4B-00C04F79EFBC}") = "Cadencii.Windows.Forms", "Cadencii.Windows.Forms\Cadencii.Windows.Forms.csproj", "{B9481E3B-6842-4AB3-8ED4-29C86C2579A3}"
EndProject
Project("{FAE04EC0-301F-11D3-BF4B-00C04F79EFBC}") = "Cadencii.Application.WindowsForms", "Cadencii\Cadencii.Application.WindowsForms.csproj", "{A97A6445-5A48-4CEC-A7CE-05B10126CA2A}"
EndProject
Project("{FAE04EC0-301F-11D3-BF4B-00C04F79EFBC}") = "Cadencii.Platform.Windows", "Cadencii.Platform.Windows\Cadencii.Platform.Windows.csproj", "{FD4F54BB-55D1-41FF-8378-B8B414AEE6A1}"
EndProject
Project("{FAE04EC0-301F-11D3-BF4B-00C04F79EFBC}") = "Cadencii.Media.Dsp.WindowsForms", "Cadencii.Media.Dsp.WindowsForms\Cadencii.Media.Dsp.WindowsForms.csproj", "{5F65872D-0431-4C76-973F-CD5DECD388A4}"
EndProject
Project("{FAE04EC0-301F-11D3-BF4B-00C04F79EFBC}") = "Cadencii.Gui.Framework.WindowsForms", "Cadencii.Gui.Framework.WindowsForms\Cadencii.Gui.Framework.WindowsForms.csproj", "{7DE0B7EA-E478-4687-9764-B44B8258F255}"
EndProject
Project("{D954291E-2A0B-460D-934E-DC6B0785DB48}") = "Cadencii.Gui.Framework.WindowsForms.Shared", "cadencii.gui.winforms.shared\Cadencii.Gui.Framework.WindowsForms.Shared.shproj", "{EF416C94-7EA3-4B62-B5B4-6B768654845C}"
EndProject
Project("{FAE04EC0-301F-11D3-BF4B-00C04F79EFBC}") = "Cadencii.Core", "Cadencii.Core\Cadencii.Core.csproj", "{C8AAE632-9C6C-4372-8175-811528A66742}"
EndProject
Project("{FAE04EC0-301F-11D3-BF4B-00C04F79EFBC}") = "Cadencii.Utilities", "Cadencii.Utilities\Cadencii.Utilities.csproj", "{1785CCD0-43CB-459A-9AFF-4E59DB966DF0}"
EndProject
Project("{FAE04EC0-301F-11D3-BF4B-00C04F79EFBC}") = "Cadencii.Media.Dsp", "Cadencii.Media.Dsp\Cadencii.Media.Dsp.csproj", "{18E7D0BD-734D-482E-BAE8-2512147D88F0}"
EndProject
Project("{FAE04EC0-301F-11D3-BF4B-00C04F79EFBC}") = "Cadencii.Application.Model", "Cadencii.Application.Model\Cadencii.Application.Model.csproj", "{10ADD9DE-3B8F-4818-A49D-AC7501057FE0}"
EndProject
Project("{FAE04EC0-301F-11D3-BF4B-00C04F79EFBC}") = "Cadencii.Gui.Framework", "Cadencii.Gui.Framework\Cadencii.Gui.Framework.csproj", "{711A691F-2113-4EC1-8D4C-C2668C3EA219}"
EndProject
Project("{FAE04EC0-301F-11D3-BF4B-00C04F79EFBC}") = "Cadencii.Media.Base", "Cadencii.Media.Base\Cadencii.Media.Base.csproj", "{F4F8F601-4E3D-43F5-A8A8-AA1FB7F48452}"
EndProject
Project("{FAE04EC0-301F-11D3-BF4B-00C04F79EFBC}") = "Cadencii.Media.Windows", "Cadencii.Media.Windows\Cadencii.Media.Windows.csproj", "{84B71038-CB91-4456-8C90-31E73BC93D7C}"
EndProject
Project("{FAE04EC0-301F-11D3-BF4B-00C04F79EFBC}") = "Cadencii.Media.Vsq", "Cadencii.Media.Vsq\Cadencii.Media.Vsq.csproj", "{673347F3-6FC2-4F82-9273-BF158E0F8CB1}"
EndProject
Project("{2150E333-8FDC-42A3-9474-1A3956D46DE8}") = "Tools", "Tools", "{1E74ED13-FD40-441A-BDF8-D138268C8167}"
EndProject
Project("{FAE04EC0-301F-11D3-BF4B-00C04F79EFBC}") = "GenerateKeySound", "GenerateKeySound\GenerateKeySound.csproj", "{AF5EB52F-11D8-4939-ADCD-90F432A71ECC}"
EndProject
Project("{FAE04EC0-301F-11D3-BF4B-00C04F79EFBC}") = "GenerateUtauPluginManagerPlugin", "..\utils\GenerateUtauPluginManagerPlugin\GenerateUtauPluginManagerPlugin.csproj", "{04B33E1E-C43A-455C-B864-95DDE6E53C32}"
EndProject
Project("{FAE04EC0-301F-11D3-BF4B-00C04F79EFBC}") = "PostBuildCreateVersionInfo", "..\utils\PostBuildCreateVersionInfo\PostBuildCreateVersionInfo.csproj", "{9F4E318A-2A90-4E06-AB65-F81CEA1BB801}"
EndProject
Project("{FAE04EC0-301F-11D3-BF4B-00C04F79EFBC}") = "ScriptImplement", "ScriptImplement\ScriptImplement.csproj", "{A0B35F11-5790-4473-A508-5868FFA67D70}"
EndProject
Project("{FAE04EC0-301F-11D3-BF4B-00C04F79EFBC}") = "vConnectStandDBConvert", "vConnectStandDBConvert\vConnectStandDBConvert.csproj", "{3CDB890B-5FCC-4A36-B808-7FB6C571C584}"
EndProject
Project("{2150E333-8FDC-42A3-9474-1A3956D46DE8}") = "Test", "Test", "{DAC9FABD-E4A6-439D-AD18-2E614752E997}"
EndProject
Project("{FAE04EC0-301F-11D3-BF4B-00C04F79EFBC}") = "CadenciiTest", "..\tests\CadenciiTest\CadenciiTest.csproj", "{7FC4F869-A95B-439E-93A2-01D85E5A8006}"
EndProject
Global
	GlobalSection(SolutionConfigurationPlatforms) = preSolution
		Debug = Debug
		Release = Release
	EndGlobalSection
	GlobalSection(ProjectConfigurationPlatforms) = postSolution
		{04B33E1E-C43A-455C-B864-95DDE6E53C32}.Debug.ActiveCfg = Debug|Any CPU
		{04B33E1E-C43A-455C-B864-95DDE6E53C32}.Debug.Build.0 = Debug|Any CPU
		{04B33E1E-C43A-455C-B864-95DDE6E53C32}.Release.ActiveCfg = Release|Any CPU
		{04B33E1E-C43A-455C-B864-95DDE6E53C32}.Release.Build.0 = Release|Any CPU
		{10ADD9DE-3B8F-4818-A49D-AC7501057FE0}.Debug.ActiveCfg = Debug|Any CPU
		{10ADD9DE-3B8F-4818-A49D-AC7501057FE0}.Debug.Build.0 = Debug|Any CPU
		{10ADD9DE-3B8F-4818-A49D-AC7501057FE0}.Release.ActiveCfg = Release|Any CPU
		{10ADD9DE-3B8F-4818-A49D-AC7501057FE0}.Release.Build.0 = Release|Any CPU
		{1785CCD0-43CB-459A-9AFF-4E59DB966DF0}.Debug.ActiveCfg = Debug|Any CPU
		{1785CCD0-43CB-459A-9AFF-4E59DB966DF0}.Debug.Build.0 = Debug|Any CPU
		{1785CCD0-43CB-459A-9AFF-4E59DB966DF0}.Release.ActiveCfg = Release|Any CPU
		{1785CCD0-43CB-459A-9AFF-4E59DB966DF0}.Release.Build.0 = Release|Any CPU
		{18E7D0BD-734D-482E-BAE8-2512147D88F0}.Debug.ActiveCfg = Debug|Any CPU
		{18E7D0BD-734D-482E-BAE8-2512147D88F0}.Debug.Build.0 = Debug|Any CPU
		{18E7D0BD-734D-482E-BAE8-2512147D88F0}.Release.ActiveCfg = Release|Any CPU
		{18E7D0BD-734D-482E-BAE8-2512147D88F0}.Release.Build.0 = Release|Any CPU
		{3CDB890B-5FCC-4A36-B808-7FB6C571C584}.Debug.ActiveCfg = Debug|Any CPU
		{3CDB890B-5FCC-4A36-B808-7FB6C571C584}.Debug.Build.0 = Debug|Any CPU
		{3CDB890B-5FCC-4A36-B808-7FB6C571C584}.Release.ActiveCfg = Release|Any CPU
		{3CDB890B-5FCC-4A36-B808-7FB6C571C584}.Release.Build.0 = Release|Any CPU
		{5F65872D-0431-4C76-973F-CD5DECD388A4}.Debug.ActiveCfg = Debug|Any CPU
		{5F65872D-0431-4C76-973F-CD5DECD388A4}.Debug.Build.0 = Debug|Any CPU
		{5F65872D-0431-4C76-973F-CD5DECD388A4}.Release.ActiveCfg = Release|Any CPU
		{5F65872D-0431-4C76-973F-CD5DECD388A4}.Release.Build.0 = Release|Any CPU
		{673347F3-6FC2-4F82-9273-BF158E0F8CB1}.Debug.ActiveCfg = Debug|Any CPU
		{673347F3-6FC2-4F82-9273-BF158E0F8CB1}.Debug.Build.0 = Debug|Any CPU
		{673347F3-6FC2-4F82-9273-BF158E0F8CB1}.Release.ActiveCfg = Release|Any CPU
		{673347F3-6FC2-4F82-9273-BF158E0F8CB1}.Release.Build.0 = Release|Any CPU
		{711A691F-2113-4EC1-8D4C-C2668C3EA219}.Debug.ActiveCfg = Debug|Any CPU
		{711A691F-2113-4EC1-8D4C-C2668C3EA219}.Debug.Build.0 = Debug|Any CPU
		{711A691F-2113-4EC1-8D4C-C2668C3EA219}.Release.ActiveCfg = Release|Any CPU
		{711A691F-2113-4EC1-8D4C-C2668C3EA219}.Release.Build.0 = Release|Any CPU
		{7DE0B7EA-E478-4687-9764-B44B8258F255}.Debug.ActiveCfg = Debug|Any CPU
		{7DE0B7EA-E478-4687-9764-B44B8258F255}.Debug.Build.0 = Debug|Any CPU
		{7DE0B7EA-E478-4687-9764-B44B8258F255}.Release.ActiveCfg = Release|Any CPU
		{7DE0B7EA-E478-4687-9764-B44B8258F255}.Release.Build.0 = Release|Any CPU
		{7FC4F869-A95B-439E-93A2-01D85E5A8006}.Debug.ActiveCfg = Debug|Any CPU
		{7FC4F869-A95B-439E-93A2-01D85E5A8006}.Debug.Build.0 = Debug|Any CPU
		{7FC4F869-A95B-439E-93A2-01D85E5A8006}.Release.ActiveCfg = Release|Any CPU
		{7FC4F869-A95B-439E-93A2-01D85E5A8006}.Release.Build.0 = Release|Any CPU
		{84B71038-CB91-4456-8C90-31E73BC93D7C}.Debug.ActiveCfg = Debug|Any CPU
		{84B71038-CB91-4456-8C90-31E73BC93D7C}.Debug.Build.0 = Debug|Any CPU
		{84B71038-CB91-4456-8C90-31E73BC93D7C}.Release.ActiveCfg = Release|Any CPU
		{84B71038-CB91-4456-8C90-31E73BC93D7C}.Release.Build.0 = Release|Any CPU
		{9F4E318A-2A90-4E06-AB65-F81CEA1BB801}.Debug.ActiveCfg = Debug|Any CPU
		{9F4E318A-2A90-4E06-AB65-F81CEA1BB801}.Debug.Build.0 = Debug|Any CPU
		{9F4E318A-2A90-4E06-AB65-F81CEA1BB801}.Release.ActiveCfg = Release|Any CPU
		{9F4E318A-2A90-4E06-AB65-F81CEA1BB801}.Release.Build.0 = Release|Any CPU
		{A0B35F11-5790-4473-A508-5868FFA67D70}.Debug.ActiveCfg = Debug|Any CPU
		{A0B35F11-5790-4473-A508-5868FFA67D70}.Debug.Build.0 = Debug|Any CPU
		{A0B35F11-5790-4473-A508-5868FFA67D70}.Release.ActiveCfg = Release|Any CPU
		{A0B35F11-5790-4473-A508-5868FFA67D70}.Release.Build.0 = Release|Any CPU
		{A97A6445-5A48-4CEC-A7CE-05B10126CA2A}.Debug.ActiveCfg = Debug|Any CPU
		{A97A6445-5A48-4CEC-A7CE-05B10126CA2A}.Debug.Build.0 = Debug|Any CPU
		{A97A6445-5A48-4CEC-A7CE-05B10126CA2A}.Release.ActiveCfg = Release|Any CPU
		{A97A6445-5A48-4CEC-A7CE-05B10126CA2A}.Release.Build.0 = Release|Any CPU
		{AF5EB52F-11D8-4939-ADCD-90F432A71ECC}.Debug.ActiveCfg = Debug|Any CPU
		{AF5EB52F-11D8-4939-ADCD-90F432A71ECC}.Debug.Build.0 = Debug|Any CPU
		{AF5EB52F-11D8-4939-ADCD-90F432A71ECC}.Release.ActiveCfg = Release|Any CPU
		{AF5EB52F-11D8-4939-ADCD-90F432A71ECC}.Release.Build.0 = Release|Any CPU
		{B9481E3B-6842-4AB3-8ED4-29C86C2579A3}.Debug.ActiveCfg = Debug|Any CPU
		{B9481E3B-6842-4AB3-8ED4-29C86C2579A3}.Debug.Build.0 = Debug|Any CPU
		{B9481E3B-6842-4AB3-8ED4-29C86C2579A3}.Release.ActiveCfg = Release|Any CPU
		{B9481E3B-6842-4AB3-8ED4-29C86C2579A3}.Release.Build.0 = Release|Any CPU
		{C8AAE632-9C6C-4372-8175-811528A66742}.Debug.ActiveCfg = Debug|Any CPU
		{C8AAE632-9C6C-4372-8175-811528A66742}.Debug.Build.0 = Debug|Any CPU
		{C8AAE632-9C6C-4372-8175-811528A66742}.Release.ActiveCfg = Release|Any CPU
		{C8AAE632-9C6C-4372-8175-811528A66742}.Release.Build.0 = Release|Any CPU
		{F4F8F601-4E3D-43F5-A8A8-AA1FB7F48452}.Debug.ActiveCfg = Debug|Any CPU
		{F4F8F601-4E3D-43F5-A8A8-AA1FB7F48452}.Debug.Build.0 = Debug|Any CPU
		{F4F8F601-4E3D-43F5-A8A8-AA1FB7F48452}.Release.ActiveCfg = Release|Any CPU
		{F4F8F601-4E3D-43F5-A8A8-AA1FB7F48452}.Release.Build.0 = Release|Any CPU
		{FD4F54BB-55D1-41FF-8378-B8B414AEE6A1}.Debug.ActiveCfg = Debug|Any CPU
		{FD4F54BB-55D1-41FF-8378-B8B414AEE6A1}.Debug.Build.0 = Debug|Any CPU
		{FD4F54BB-55D1-41FF-8378-B8B414AEE6A1}.Release.ActiveCfg = Release|Any CPU
		{FD4F54BB-55D1-41FF-8378-B8B414AEE6A1}.Release.Build.0 = Release|Any CPU
	EndGlobalSection
	GlobalSection(NestedProjects) = preSolution
		{AF5EB52F-11D8-4939-ADCD-90F432A71ECC} = {1E74ED13-FD40-441A-BDF8-D138268C8167}
		{04B33E1E-C43A-455C-B864-95DDE6E53C32} = {1E74ED13-FD40-441A-BDF8-D138268C8167}
		{9F4E318A-2A90-4E06-AB65-F81CEA1BB801} = {1E74ED13-FD40-441A-BDF8-D138268C8167}
		{A0B35F11-5790-4473-A508-5868FFA67D70} = {1E74ED13-FD40-441A-BDF8-D138268C8167}
		{3CDB890B-5FCC-4A36-B808-7FB6C571C584} = {1E74ED13-FD40-441A-BDF8-D138268C8167}
		{7FC4F869-A95B-439E-93A2-01D85E5A8006} = {DAC9FABD-E4A6-439D-AD18-2E614752E997}
	EndGlobalSection
	GlobalSection(MonoDevelopProperties) = preSolution
		StartupItem = Cadencii\Cadencii.Application.WindowsForms.csproj
	EndGlobalSection
	GlobalSection(SolutionProperties) = preSolution
		HideSolutionNode = FALSE
	EndGlobalSection
EndGlobal
